Microsoft Visual Studio Solution File, Format Version 12.00
# Visual Studio Version 17
VisualStudioVersion = 17.5.2.0
MinimumVisualStudioVersion = 10.0.40219.1
Project("{FAE04EC0-301F-11D3-BF4B-00C04F79EFBC}") = "XtraScrapper", "XtraScrapper.csproj", "{1DD42A24-6044-6F5F-495E-07C4813C395F}"
EndProject
Global
	GlobalSection(SolutionConfigurationPlatforms) = preSolution
		Debug|Any CPU = Debug|Any CPU
		Release|Any CPU = Release|Any CPU
	EndGlobalSection
	GlobalSection(ProjectConfigurationPlatforms) = postSolution
		{1DD42A24-6044-6F5F-495E-07C4813C395F}.Debug|Any CPU.ActiveCfg = Debug|Any CPU
		{1DD42A24-6044-6F5F-495E-07C4813C395F}.Debug|Any CPU.Build.0 = Debug|Any CPU
		{1DD42A24-6044-6F5F-495E-07C4813C395F}.Release|Any CPU.ActiveCfg = Release|Any CPU
		{1DD42A24-6044-6F5F-495E-07C4813C395F}.Release|Any CPU.Build.0 = Release|Any CPU
	EndGlobalSection
	GlobalSection(SolutionProperties) = preSolution
		HideSolutionNode = FALSE
	EndGlobalSection
	GlobalSection(ExtensibilityGlobals) = postSolution
		SolutionGuid = {E3291A4E-9DA1-4DBD-B0ED-1BC84FFCE8A6}
	EndGlobalSection
EndGlobal
